{
  "name": "shoppingcart",
  "lockfileVersion": 3,
  "requires": true,
  "packages": {
    "": {
      "dependencies": {
        "systemjs": "^6.14.1",
        "systemjs-plugin-babel": "^0.0.25"
      }
    },
    "node_modules/systemjs": {
      "version": "6.14.1",
      "resolved": "https://registry.npmjs.org/systemjs/-/systemjs-6.14.1.tgz",
      "integrity": "sha512-8ftwWd+XnQtZ/aGbatrN4QFNGrKJzmbtixW+ODpci7pyoTajg4sonPP8aFLESAcuVxaC1FyDESt+SpfFCH9rZQ=="
    },
    "node_modules/systemjs-plugin-babel": {
      "version": "0.0.25",
      "resolved": "https://registry.npmjs.org/systemjs-plugin-babel/-/systemjs-plugin-babel-0.0.25.tgz",
      "integrity": "sha512-RMKSizWWlw4+IpDB385ugxn7Owd9W+HEtjYDQ6yO1FpsnER/vk6FbXRweUF+mvRi6EHgk8vDdUdtui7ReDwX3w=="
    }
  }
}
